<?xml version="1.0" encoding="utf-8"?>
<Project ToolsVersion="4.0" xmlns="http://schemas.microsoft.com/developer/msbuild/2003">
  <ItemGroup>
    <Filter Include="源文件">
      <UniqueIdentifier>{4FC737F1-C7A5-4376-A066-2A32D752A2FF}</UniqueIdentifier>
      <Extensions>cpp;c;cc;cxx;def;odl;idl;hpj;bat;asm;asmx</Extensions>
    </Filter>
    <Filter Include="头文件">
      <UniqueIdentifier>{93995380-89BD-4b04-88EB-625FBE52EBFB}</UniqueIdentifier>
      <Extensions>h;hpp;hxx;hm;inl;inc;xsd</Extensions>
    </Filter>
    <Filter Include="资源文件">
      <UniqueIdentifier>{67DA6AB6-F800-4c08-8B7A-83BB121AAD01}</UniqueIdentifier>
      <Extensions>rc;ico;cur;bmp;dlg;rc2;rct;bin;rgs;gif;jpg;jpeg;jpe;resx;tiff;tif;png;wav;mfcribbon-ms</Extensions>
    </Filter>
    <Filter Include="Scene">
      <UniqueIdentifier>{c35b75ce-715f-43e5-b601-483c2bb4abb3}</UniqueIdentifier>
    </Filter>
    <Filter Include="Scene\AvsProxyScene">
      <UniqueIdentifier>{997bf851-e83e-40e5-b66c-933cec0c595b}</UniqueIdentifier>
    </Filter>
    <Filter Include="Scene\AvsProxyScene\inc">
      <UniqueIdentifier>{cd064776-6c43-40bb-b7f7-368a10655d54}</UniqueIdentifier>
    </Filter>
    <Filter Include="Scene\AvsProxyScene\src">
      <UniqueIdentifier>{e878c97f-4ce3-4fe7-b8ea-020b7c3aef5e}</UniqueIdentifier>
    </Filter>
    <Filter Include="pugixml">
      <UniqueIdentifier>{4e866c14-3e7c-4757-ab9d-8f15c2904c57}</UniqueIdentifier>
    </Filter>
    <Filter Include="happyhttp">
      <UniqueIdentifier>{9e1d41e6-0411-4b66-8755-8da07f391a96}</UniqueIdentifier>
    </Filter>
  </ItemGroup>
  <ItemGroup>
    <Text Include="ReadMe.txt" />
  </ItemGroup>
  <ItemGroup>
    <ClInclude Include="Monitor.h">
      <Filter>头文件</Filter>
    </ClInclude>
    <ClInclude Include="MonitorDlg.h">
      <Filter>头文件</Filter>
    </ClInclude>
    <ClInclude Include="stdafx.h">
      <Filter>头文件</Filter>
    </ClInclude>
    <ClInclude Include="targetver.h">
      <Filter>头文件</Filter>
    </ClInclude>
    <ClInclude Include="Resource.h">
      <Filter>头文件</Filter>
    </ClInclude>
    <ClInclude Include="Screen.h">
      <Filter>头文件</Filter>
    </ClInclude>
    <ClInclude Include="ScreenMgr.h">
      <Filter>头文件</Filter>
    </ClInclude>
    <ClInclude Include="MessageQueue.hpp">
      <Filter>头文件</Filter>
    </ClInclude>
    <ClInclude Include="Com.h">
      <Filter>头文件</Filter>
    </ClInclude>
    <ClInclude Include="PoolThread.hpp">
      <Filter>头文件</Filter>
    </ClInclude>
    <ClInclude Include="AvsProxyStructs.h">
      <Filter>头文件</Filter>
    </ClInclude>
    <ClInclude Include="Scene\Parameter.h">
      <Filter>Scene</Filter>
    </ClInclude>
    <ClInclude Include="Scene\Scene.h">
      <Filter>Scene</Filter>
    </ClInclude>
    <ClInclude Include="Scene\AvsProxyScene\inc\AddUserScene.h">
      <Filter>Scene\AvsProxyScene\inc</Filter>
    </ClInclude>
    <ClInclude Include="Scene\AvsProxyScene\inc\DelUserScene.h">
      <Filter>Scene\AvsProxyScene\inc</Filter>
    </ClInclude>
    <ClInclude Include="Scene\AvsProxyScene\inc\KeepAliveScene.h">
      <Filter>Scene\AvsProxyScene\inc</Filter>
    </ClInclude>
    <ClInclude Include="Scene\AvsProxyScene\inc\ModMediaScene.h">
      <Filter>Scene\AvsProxyScene\inc</Filter>
    </ClInclude>
    <ClInclude Include="Scene\AvsProxyScene\inc\RoomsInfoScene.h">
      <Filter>Scene\AvsProxyScene\inc</Filter>
    </ClInclude>
    <ClInclude Include="pugixml\pugiconfig.hpp">
      <Filter>pugixml</Filter>
    </ClInclude>
    <ClInclude Include="pugixml\pugixml.hpp">
      <Filter>pugixml</Filter>
    </ClInclude>
    <ClInclude Include="Config.h">
      <Filter>头文件</Filter>
    </ClInclude>
    <ClInclude Include="happyhttp\happyhttp.h">
      <Filter>happyhttp</Filter>
    </ClInclude>
    <ClInclude Include="TitlesCtl.h">
      <Filter>头文件</Filter>
    </ClInclude>
    <ClInclude Include="Title.h">
      <Filter>头文件</Filter>
    </ClInclude>
    <ClInclude Include="TitleNode.h">
      <Filter>头文件</Filter>
    </ClInclude>
    <ClInclude Include="Node.h">
      <Filter>头文件</Filter>
    </ClInclude>
    <ClInclude Include="TitleRoom.h">
      <Filter>头文件</Filter>
    </ClInclude>
    <ClInclude Include="command.h">
      <Filter>头文件</Filter>
    </ClInclude>
    <ClInclude Include="AvsProxy.h">
      <Filter>头文件</Filter>
    </ClInclude>
    <ClInclude Include="DiscProxyScene.h">
      <Filter>Scene\AvsProxyScene\inc</Filter>
    </ClInclude>
    <ClInclude Include="ResLoginScene.h">
      <Filter>Scene\AvsProxyScene\inc</Filter>
    </ClInclude>
    <ClInclude Include="RTPSession.h">
      <Filter>头文件</Filter>
    </ClInclude>
    <ClInclude Include="NATScene.h">
      <Filter>Scene\AvsProxyScene\inc</Filter>
    </ClInclude>
  </ItemGroup>
  <ItemGroup>
    <ClCompile Include="Monitor.cpp">
      <Filter>源文件</Filter>
    </ClCompile>
    <ClCompile Include="MonitorDlg.cpp">
      <Filter>源文件</Filter>
    </ClCompile>
    <ClCompile Include="stdafx.cpp">
      <Filter>源文件</Filter>
    </ClCompile>
    <ClCompile Include="Screen.cpp">
      <Filter>源文件</Filter>
    </ClCompile>
    <ClCompile Include="ScreenMgr.cpp">
      <Filter>源文件</Filter>
    </ClCompile>
    <ClCompile Include="Com.cpp">
      <Filter>源文件</Filter>
    </ClCompile>
    <ClCompile Include="Scene\AvsProxyScene\src\AddUserScene.cpp">
      <Filter>Scene\AvsProxyScene\src</Filter>
    </ClCompile>
    <ClCompile Include="Scene\AvsProxyScene\src\DelUserScene.cpp">
      <Filter>Scene\AvsProxyScene\src</Filter>
    </ClCompile>
    <ClCompile Include="Scene\AvsProxyScene\src\KeepAliveScene.cpp">
      <Filter>Scene\AvsProxyScene\src</Filter>
    </ClCompile>
    <ClCompile Include="Scene\AvsProxyScene\src\ModMediaScene.cpp">
      <Filter>Scene\AvsProxyScene\src</Filter>
    </ClCompile>
    <ClCompile Include="Scene\AvsProxyScene\src\RoomsInfoScene.cpp">
      <Filter>Scene\AvsProxyScene\src</Filter>
    </ClCompile>
    <ClCompile Include="pugixml\pugixml.cpp">
      <Filter>pugixml</Filter>
    </ClCompile>
    <ClCompile Include="Config.cpp">
      <Filter>源文件</Filter>
    </ClCompile>
    <ClCompile Include="happyhttp\happyhttp.cpp">
      <Filter>happyhttp</Filter>
    </ClCompile>
    <ClCompile Include="TitlesCtl.cpp">
      <Filter>源文件</Filter>
    </ClCompile>
    <ClCompile Include="Title.cpp">
      <Filter>源文件</Filter>
    </ClCompile>
    <ClCompile Include="TitleNode.cpp">
      <Filter>源文件</Filter>
    </ClCompile>
    <ClCompile Include="Node.cpp">
      <Filter>源文件</Filter>
    </ClCompile>
    <ClCompile Include="TitleRoom.cpp">
      <Filter>源文件</Filter>
    </ClCompile>
    <ClCompile Include="AvsProxy.cpp">
      <Filter>源文件</Filter>
    </ClCompile>
    <ClCompile Include="RTPSession.cpp">
      <Filter>源文件</Filter>
    </ClCompile>
    <ClCompile Include="Scene\AvsProxyScene\src\DiscProxyScene.cpp">
      <Filter>Scene\AvsProxyScene\src</Filter>
    </ClCompile>
    <ClCompile Include="Scene\AvsProxyScene\src\NATScene.cpp">
      <Filter>Scene\AvsProxyScene\src</Filter>
    </ClCompile>
    <ClCompile Include="Scene\AvsProxyScene\src\ResLoginScene.cpp">
      <Filter>Scene\AvsProxyScene\src</Filter>
    </ClCompile>
  </ItemGroup>
  <ItemGroup>
    <ResourceCompile Include="Monitor.rc">
      <Filter>资源文件</Filter>
    </ResourceCompile>
  </ItemGroup>
  <ItemGroup>
    <None Include="res\Monitor.rc2">
      <Filter>资源文件</Filter>
    </None>
  </ItemGroup>
  <ItemGroup>
    <Image Include="res\Monitor.ico">
      <Filter>资源文件</Filter>
    </Image>
  </ItemGroup>
</Project>